
Microsoft Visual Studio Solution File, Format Version 12.00
# Visual Studio Version 17
VisualStudioVersion = 17.4.33122.133
MinimumVisualStudioVersion = 10.0.40219.1
Project("{FAE04EC0-301F-11D3-BF4B-00C04F79EFBC}") = "Links", "Links\Links.csproj", "{F753412C-18A0-4AFC-BD33-E941D91B89B3}"
EndProject
Global
	GlobalSection(SolutionConfigurationPlatforms) = preSolution
		Debug|Any CPU = Debug|Any CPU
		Release|Any CPU = Release|Any CPU
	EndGlobalSection
	GlobalSection(ProjectConfigurationPlatforms) = postSolution
		{F753412C-18A0-4AFC-BD33-E941D91B89B3}.Debug|Any CPU.ActiveCfg = Debug|Any CPU
		{F753412C-18A0-4AFC-BD33-E941D91B89B3}.Debug|Any CPU.Build.0 = Debug|Any CPU
		{F753412C-18A0-4AFC-BD33-E941D91B89B3}.Release|Any CPU.ActiveCfg = Release|Any CPU
		{F753412C-18A0-4AFC-BD33-E941D91B89B3}.Release|Any CPU.Build.0 = Release|Any CPU
	EndGlobalSection
	GlobalSection(SolutionProperties) = preSolution
		HideSolutionNode = FALSE
	EndGlobalSection
	GlobalSection(ExtensibilityGlobals) = postSolution
		SolutionGuid = {972DF45F-8F77-4647-BE71-0C2C37B815AA}
	EndGlobalSection
EndGlobal
